
Microsoft Visual Studio Solution File, Format Version 12.00
# Visual Studio Version 17
VisualStudioVersion = 17.0.31903.59
MinimumVisualStudioVersion = 10.0.40219.1
Project("{FAE04EC0-301F-11D3-BF4B-00C04F79EFBC}") = "Domain", "Domain\Domain.csproj", "{3D9BD720-CB14-471D-8816-CD9824E71DE7}"
EndProject
Project("{FAE04EC0-301F-11D3-BF4B-00C04F79EFBC}") = "Infrastructure", "Infrastructure\Infrastructure.csproj", "{AB2674D6-4D3C-435F-8983-F13B49C18C83}"
EndProject
Project("{FAE04EC0-301F-11D3-BF4B-00C04F79EFBC}") = "WebApi", "WebApi\WebApi.csproj", "{E97B8600-099F-460D-8CC2-E02BD2FEABE6}"
EndProject
Global
	GlobalSection(SolutionConfigurationPlatforms) = preSolution
		Debug|Any CPU = Debug|Any CPU
		Release|Any CPU = Release|Any CPU
	EndGlobalSection
	GlobalSection(SolutionProperties) = preSolution
		HideSolutionNode = FALSE
	EndGlobalSection
	GlobalSection(ProjectConfigurationPlatforms) = postSolution
		{3D9BD720-CB14-471D-8816-CD9824E71DE7}.Debug|Any CPU.ActiveCfg = Debug|Any CPU
		{3D9BD720-CB14-471D-8816-CD9824E71DE7}.Debug|Any CPU.Build.0 = Debug|Any CPU
		{3D9BD720-CB14-471D-8816-CD9824E71DE7}.Release|Any CPU.ActiveCfg = Release|Any CPU
		{3D9BD720-CB14-471D-8816-CD9824E71DE7}.Release|Any CPU.Build.0 = Release|Any CPU
		{AB2674D6-4D3C-435F-8983-F13B49C18C83}.Debug|Any CPU.ActiveCfg = Debug|Any CPU
		{AB2674D6-4D3C-435F-8983-F13B49C18C83}.Debug|Any CPU.Build.0 = Debug|Any CPU
		{AB2674D6-4D3C-435F-8983-F13B49C18C83}.Release|Any CPU.ActiveCfg = Release|Any CPU
		{AB2674D6-4D3C-435F-8983-F13B49C18C83}.Release|Any CPU.Build.0 = Release|Any CPU
		{E97B8600-099F-460D-8CC2-E02BD2FEABE6}.Debug|Any CPU.ActiveCfg = Debug|Any CPU
		{E97B8600-099F-460D-8CC2-E02BD2FEABE6}.Debug|Any CPU.Build.0 = Debug|Any CPU
		{E97B8600-099F-460D-8CC2-E02BD2FEABE6}.Release|Any CPU.ActiveCfg = Release|Any CPU
		{E97B8600-099F-460D-8CC2-E02BD2FEABE6}.Release|Any CPU.Build.0 = Release|Any CPU
	EndGlobalSection
EndGlobal
